
Microsoft Visual Studio Solution File, Format Version 12.00
# Visual Studio 2012
Project("{8BC9CEB8-8B4A-11D0-8D11-00A0C91BC942}") = "IKFK", "IKFK.vcxproj", "{43E972C9-5134-418D-AD7F-A690DD31A9FB}"
EndProject
Global
	GlobalSection(SolutionConfigurationPlatforms) = preSolution
		Debug|Win32 = Debug|Win32
		Release|Win32 = Release|Win32
	EndGlobalSection
	GlobalSection(ProjectConfigurationPlatforms) = postSolution
		{43E972C9-5134-418D-AD7F-A690DD31A9FB}.Debug|Win32.ActiveCfg = Debug|Win32
		{43E972C9-5134-418D-AD7F-A690DD31A9FB}.Debug|Win32.Build.0 = Debug|Win32
		{43E972C9-5134-418D-AD7F-A690DD31A9FB}.Release|Win32.ActiveCfg = Release|Win32
		{43E972C9-5134-418D-AD7F-A690DD31A9FB}.Release|Win32.Build.0 = Release|Win32
	EndGlobalSection
	GlobalSection(SolutionProperties) = preSolution
		HideSolutionNode = FALSE
	EndGlobalSection
EndGlobal
